# THIS IS AN AUTOGENERATED FILE. DO NOT EDIT THIS FILE DIRECTLY.
# yarn lockfile v1


bootstrap-icons@^1.6.1:
  version "1.6.1"
  resolved "https://registry.npmjs.org/bootstrap-icons/-/bootstrap-icons-1.6.1.tgz"
  integrity sha512-MNpF89+njCdVJePDRbCd2DrUusqIyNsPlBrdKqBEXAvFZpwb+Gc8k2VlyF2ueiDQn1PoeTSg9UqQNgx8tGqHAA==

font-awesome@^4.7.0:
  version "4.7.0"
  resolved "https://registry.npmjs.org/font-awesome/-/font-awesome-4.7.0.tgz"
  integrity sha1-j6jPBBGhoxr9B7BtKQK7n8gVoTM=

"js-tokens@^3.0.0 || ^4.0.0":
  version "4.0.0"
  resolved "https://registry.npmjs.org/js-tokens/-/js-tokens-4.0.0.tgz"
  integrity sha512-RdJUflcE3cUzKiMqQgsCu06FPu9UdIJO0beYbPhHN4k6apgJtifcoCtT9bcxOpYBtpD2kCM6Sbzg4CausW/PKQ==

loose-envify@^1.4.0:
  version "1.4.0"
  resolved "https://registry.npmjs.org/loose-envify/-/loose-envify-1.4.0.tgz"
  integrity sha512-lyuxPGr/Wfhrlem2CL/UcnUc1zcqKAImBDzukY7Y5F/yQiNdko6+fRLevlw1HgMySw7f611UIY408EtxRSoK3Q==
  dependencies:
    js-tokens "^3.0.0 || ^4.0.0"

object-assign@^4.1.1:
  version "4.1.1"
  resolved "https://registry.npmjs.org/object-assign/-/object-assign-4.1.1.tgz"
  integrity sha1-IQmtx5ZYh8/AXLvUQsrIv7s2CGM=

prop-types@^15.7.2:
  version "15.7.2"
  resolved "https://registry.npmjs.org/prop-types/-/prop-types-15.7.2.tgz"
  integrity sha512-8QQikdH7//R2vurIJSutZ1smHYTcLpRWEOlHnzcWHmBYrOGUysKwSsrC89BCiFj3CbrfJ/nXFdJepOVrY1GCHQ==
  dependencies:
    loose-envify "^1.4.0"
    object-assign "^4.1.1"
    react-is "^16.8.1"

react-bootstrap-icons@^1.5.0:
  version "1.5.0"
  resolved "https://registry.npmjs.org/react-bootstrap-icons/-/react-bootstrap-icons-1.5.0.tgz"
  integrity sha512-QC5q4meHQG0cO9RJzeDLSqZ1gbVa9jxFCpONCE3GYl2FkbAKSyJAEsONlzTApbZ8/oG87gPWq0xAyn5SZ/Jafw==
  dependencies:
    prop-types "^15.7.2"

react-is@^16.8.1:
  version "16.13.1"
  resolved "https://registry.npmjs.org/react-is/-/react-is-16.13.1.tgz"
  integrity sha512-24e6ynE2H+OKt4kqsOvNd8kBpV65zoxbA4BVsEOB3ARVWQki/DHzaUoC5KuON/BiccDaCCTZBuOcfZs70kR8bQ==
